
Microsoft Visual Studio Solution File, Format Version 12.00
# Visual Studio Version 17
VisualStudioVersion = 17.6.33723.286
MinimumVisualStudioVersion = 10.0.40219.1
Project("{FAE04EC0-301F-11D3-BF4B-00C04F79EFBC}") = "WorkApplyApplication", "WorkApplyApplication\WorkApplyApplication.csproj", "{5C640FB3-AEAC-41BD-A987-D2708BBA96C2}"
EndProject
Global
	GlobalSection(SolutionConfigurationPlatforms) = preSolution
		Debug|Any CPU = Debug|Any CPU
		Release|Any CPU = Release|Any CPU
	EndGlobalSection
	GlobalSection(ProjectConfigurationPlatforms) = postSolution
		{5C640FB3-AEAC-41BD-A987-D2708BBA96C2}.Debug|Any CPU.ActiveCfg = Debug|Any CPU
		{5C640FB3-AEAC-41BD-A987-D2708BBA96C2}.Debug|Any CPU.Build.0 = Debug|Any CPU
		{5C640FB3-AEAC-41BD-A987-D2708BBA96C2}.Release|Any CPU.ActiveCfg = Release|Any CPU
		{5C640FB3-AEAC-41BD-A987-D2708BBA96C2}.Release|Any CPU.Build.0 = Release|Any CPU
	EndGlobalSection
	GlobalSection(SolutionProperties) = preSolution
		HideSolutionNode = FALSE
	EndGlobalSection
	GlobalSection(ExtensibilityGlobals) = postSolution
		SolutionGuid = {CDA6F1DD-D474-4B24-A02C-D62469900F2A}
	EndGlobalSection
EndGlobal
